
Microsoft Visual Studio Solution File, Format Version 12.00
Project("{FAE04EC0-301F-11D3-BF4B-00C04F79EFBC}") = "WebApiSetup", "WebApiSetup\WebApiSetup.csproj", "{B2203FFC-5EE4-4266-8004-C0BABCAD229B}"
EndProject
Global
	GlobalSection(SolutionConfigurationPlatforms) = preSolution
		Debug|Any CPU = Debug|Any CPU
		Release|Any CPU = Release|Any CPU
	EndGlobalSection
	GlobalSection(ProjectConfigurationPlatforms) = postSolution
		{B2203FFC-5EE4-4266-8004-C0BABCAD229B}.Debug|Any CPU.ActiveCfg = Debug|Any CPU
		{B2203FFC-5EE4-4266-8004-C0BABCAD229B}.Debug|Any CPU.Build.0 = Debug|Any CPU
		{B2203FFC-5EE4-4266-8004-C0BABCAD229B}.Release|Any CPU.ActiveCfg = Release|Any CPU
		{B2203FFC-5EE4-4266-8004-C0BABCAD229B}.Release|Any CPU.Build.0 = Release|Any CPU
	EndGlobalSection
EndGlobal
